
Microsoft Visual Studio Solution File, Format Version 12.00
# Visual Studio Version 16
VisualStudioVersion = 16.0.29613.14
MinimumVisualStudioVersion = 10.0.40219.1
Project("{FAE04EC0-301F-11D3-BF4B-00C04F79EFBC}") = "DashCMD", "DashCMD\DashCMD.csproj", "{FFC19B3D-F170-465C-8374-8B5B20411DA5}"
EndProject
Global
	GlobalSection(SolutionConfigurationPlatforms) = preSolution
		Debug|Any CPU = Debug|Any CPU
		Release|Any CPU = Release|Any CPU
	EndGlobalSection
	GlobalSection(ProjectConfigurationPlatforms) = postSolution
		{FFC19B3D-F170-465C-8374-8B5B20411DA5}.Debug|Any CPU.ActiveCfg = Debug|Any CPU
		{FFC19B3D-F170-465C-8374-8B5B20411DA5}.Debug|Any CPU.Build.0 = Debug|Any CPU
		{FFC19B3D-F170-465C-8374-8B5B20411DA5}.Release|Any CPU.ActiveCfg = Release|Any CPU
		{FFC19B3D-F170-465C-8374-8B5B20411DA5}.Release|Any CPU.Build.0 = Release|Any CPU
	EndGlobalSection
	GlobalSection(SolutionProperties) = preSolution
		HideSolutionNode = FALSE
	EndGlobalSection
	GlobalSection(ExtensibilityGlobals) = postSolution
		SolutionGuid = {991EF348-222E-48AF-9CA6-3564734DB30D}
	EndGlobalSection
EndGlobal
